
Microsoft Visual Studio Solution File, Format Version 12.00
# Visual Studio Version 16
VisualStudioVersion = 16.0.29613.14
MinimumVisualStudioVersion = 10.0.40219.1
Project("{F184B08F-C81C-45F6-A57F-5ABD9991F28F}") = "TcpServerWinFormVb", "TcpServerWinFormVb.vbproj", "{F3EB0800-D312-44E6-A403-71D4052EC938}"
EndProject
Global
	GlobalSection(SolutionConfigurationPlatforms) = preSolution
		Debug|Any CPU = Debug|Any CPU
		Release|Any CPU = Release|Any CPU
	EndGlobalSection
	GlobalSection(ProjectConfigurationPlatforms) = postSolution
		{F3EB0800-D312-44E6-A403-71D4052EC938}.Debug|Any CPU.ActiveCfg = Debug|Any CPU
		{F3EB0800-D312-44E6-A403-71D4052EC938}.Debug|Any CPU.Build.0 = Debug|Any CPU
		{F3EB0800-D312-44E6-A403-71D4052EC938}.Release|Any CPU.ActiveCfg = Release|Any CPU
		{F3EB0800-D312-44E6-A403-71D4052EC938}.Release|Any CPU.Build.0 = Release|Any CPU
	EndGlobalSection
	GlobalSection(SolutionProperties) = preSolution
		HideSolutionNode = FALSE
	EndGlobalSection
	GlobalSection(ExtensibilityGlobals) = postSolution
		SolutionGuid = {632D6CDB-1C1A-4C60-A969-A4690DD721A9}
	EndGlobalSection
EndGlobal
